
Microsoft Visual Studio Solution File, Format Version 11.00
# Visual Studio 2010
# SharpDevelop 4.4
Project("{FAE04EC0-301F-11D3-BF4B-00C04F79EFBC}") = "LeTanPhuong-1706020067", "LeTanPhuong-1706020067\LeTanPhuong-1706020067.csproj", "{993FDC9C-D361-45D0-8DFD-EBC036BF3CFA}"
EndProject
Global
	GlobalSection(SolutionConfigurationPlatforms) = preSolution
		Debug|Any CPU = Debug|Any CPU
		Release|Any CPU = Release|Any CPU
	EndGlobalSection
	GlobalSection(ProjectConfigurationPlatforms) = postSolution
		{993FDC9C-D361-45D0-8DFD-EBC036BF3CFA}.Debug|Any CPU.Build.0 = Debug|Any CPU
		{993FDC9C-D361-45D0-8DFD-EBC036BF3CFA}.Debug|Any CPU.ActiveCfg = Debug|Any CPU
		{993FDC9C-D361-45D0-8DFD-EBC036BF3CFA}.Release|Any CPU.Build.0 = Release|Any CPU
		{993FDC9C-D361-45D0-8DFD-EBC036BF3CFA}.Release|Any CPU.ActiveCfg = Release|Any CPU
	EndGlobalSection
EndGlobal
